
Microsoft Visual Studio Solution File, Format Version 12.00
# Visual Studio Version 17
VisualStudioVersion = 17.12.35527.113 d17.12
MinimumVisualStudioVersion = 10.0.40219.1
Project("{FAE04EC0-301F-11D3-BF4B-00C04F79EFBC}") = "CashTrack_22068934", "CashTrack_22068934\CashTrack_22068934.csproj", "{B180376D-90CF-4A31-883E-A2A560F988C5}"
EndProject
Global
	GlobalSection(SolutionConfigurationPlatforms) = preSolution
		Debug|Any CPU = Debug|Any CPU
		Release|Any CPU = Release|Any CPU
	EndGlobalSection
	GlobalSection(ProjectConfigurationPlatforms) = postSolution
		{B180376D-90CF-4A31-883E-A2A560F988C5}.Debug|Any CPU.ActiveCfg = Debug|Any CPU
		{B180376D-90CF-4A31-883E-A2A560F988C5}.Debug|Any CPU.Build.0 = Debug|Any CPU
		{B180376D-90CF-4A31-883E-A2A560F988C5}.Release|Any CPU.ActiveCfg = Release|Any CPU
		{B180376D-90CF-4A31-883E-A2A560F988C5}.Release|Any CPU.Build.0 = Release|Any CPU
	EndGlobalSection
	GlobalSection(SolutionProperties) = preSolution
		HideSolutionNode = FALSE
	EndGlobalSection
EndGlobal
